
Microsoft Visual Studio Solution File, Format Version 12.00
# Visual Studio 14
VisualStudioVersion = 14.0.23107.0
MinimumVisualStudioVersion = 10.0.40219.1
Project("{D954291E-2A0B-460D-934E-DC6B0785DB48}") = "MasterDetail", "MasterDetail\MasterDetail.shproj", "{ACC9D56E-BCF0-4D8D-A808-30DF5E3A5734}"
EndProject
Project("{FAE04EC0-301F-11D3-BF4B-00C04F79EFBC}") = "MasterDetail.Android", "Android\MasterDetail.Android.csproj", "{CED917A6-21DC-4AFE-B804-6B58989566BE}"
EndProject
Global
	GlobalSection(SharedMSBuildProjectFiles) = preSolution
		MasterDetail\MasterDetail.projitems*{ced917a6-21dc-4afe-b804-6b58989566be}*SharedItemsImports = 4
		MasterDetail\MasterDetail.projitems*{acc9d56e-bcf0-4d8d-a808-30df5e3a5734}*SharedItemsImports = 13
	EndGlobalSection
	GlobalSection(SolutionConfigurationPlatforms) = preSolution
		Ad-Hoc|Any CPU = Ad-Hoc|Any CPU
		Ad-Hoc|iPhone = Ad-Hoc|iPhone
		Ad-Hoc|iPhoneSimulator = Ad-Hoc|iPhoneSimulator
		AppStore|Any CPU = AppStore|Any CPU
		AppStore|iPhone = AppStore|iPhone
		AppStore|iPhoneSimulator = AppStore|iPhoneSimulator
		Debug|Any CPU = Debug|Any CPU
		Debug|iPhone = Debug|iPhone
		Debug|iPhoneSimulator = Debug|iPhoneSimulator
		Release|Any CPU = Release|Any CPU
		Release|iPhone = Release|iPhone
		Release|iPhoneSimulator = Release|iPhoneSimulator
	EndGlobalSection
	GlobalSection(ProjectConfigurationPlatforms) = postSolution
		{CED917A6-21DC-4AFE-B804-6B58989566BE}.Ad-Hoc|Any CPU.ActiveCfg = Debug|Any CPU
		{CED917A6-21DC-4AFE-B804-6B58989566BE}.Ad-Hoc|Any CPU.Build.0 = Debug|Any CPU
		{CED917A6-21DC-4AFE-B804-6B58989566BE}.Ad-Hoc|Any CPU.Deploy.0 = Debug|Any CPU
		{CED917A6-21DC-4AFE-B804-6B58989566BE}.Ad-Hoc|iPhone.ActiveCfg = Release|Any CPU
		{CED917A6-21DC-4AFE-B804-6B58989566BE}.Ad-Hoc|iPhone.Build.0 = Release|Any CPU
		{CED917A6-21DC-4AFE-B804-6B58989566BE}.Ad-Hoc|iPhoneSimulator.ActiveCfg = Debug|Any CPU
		{CED917A6-21DC-4AFE-B804-6B58989566BE}.Ad-Hoc|iPhoneSimulator.Build.0 = Debug|Any CPU
		{CED917A6-21DC-4AFE-B804-6B58989566BE}.Ad-Hoc|iPhoneSimulator.Deploy.0 = Debug|Any CPU
		{CED917A6-21DC-4AFE-B804-6B58989566BE}.AppStore|Any CPU.ActiveCfg = Debug|Any CPU
		{CED917A6-21DC-4AFE-B804-6B58989566BE}.AppStore|Any CPU.Build.0 = Debug|Any CPU
		{CED917A6-21DC-4AFE-B804-6B58989566BE}.AppStore|Any CPU.Deploy.0 = Debug|Any CPU
		{CED917A6-21DC-4AFE-B804-6B58989566BE}.AppStore|iPhone.ActiveCfg = Release|Any CPU
		{CED917A6-21DC-4AFE-B804-6B58989566BE}.AppStore|iPhone.Build.0 = Release|Any CPU
		{CED917A6-21DC-4AFE-B804-6B58989566BE}.AppStore|iPhoneSimulator.ActiveCfg = Debug|Any CPU
		{CED917A6-21DC-4AFE-B804-6B58989566BE}.AppStore|iPhoneSimulator.Build.0 = Debug|Any CPU
		{CED917A6-21DC-4AFE-B804-6B58989566BE}.AppStore|iPhoneSimulator.Deploy.0 = Debug|Any CPU
		{CED917A6-21DC-4AFE-B804-6B58989566BE}.Debug|Any CPU.ActiveCfg = Debug|Any CPU
		{CED917A6-21DC-4AFE-B804-6B58989566BE}.Debug|Any CPU.Build.0 = Debug|Any CPU
		{CED917A6-21DC-4AFE-B804-6B58989566BE}.Debug|Any CPU.Deploy.0 = Debug|Any CPU
		{CED917A6-21DC-4AFE-B804-6B58989566BE}.Debug|iPhone.ActiveCfg = Debug|Any CPU
		{CED917A6-21DC-4AFE-B804-6B58989566BE}.Debug|iPhone.Build.0 = Debug|Any CPU
		{CED917A6-21DC-4AFE-B804-6B58989566BE}.Debug|iPhoneSimulator.ActiveCfg = Debug|Any CPU
		{CED917A6-21DC-4AFE-B804-6B58989566BE}.Debug|iPhoneSimulator.Build.0 = Debug|Any CPU
		{CED917A6-21DC-4AFE-B804-6B58989566BE}.Release|Any CPU.ActiveCfg = Release|Any CPU
		{CED917A6-21DC-4AFE-B804-6B58989566BE}.Release|Any CPU.Build.0 = Release|Any CPU
		{CED917A6-21DC-4AFE-B804-6B58989566BE}.Release|iPhone.ActiveCfg = Release|Any CPU
		{CED917A6-21DC-4AFE-B804-6B58989566BE}.Release|iPhone.Build.0 = Release|Any CPU
		{CED917A6-21DC-4AFE-B804-6B58989566BE}.Release|iPhoneSimulator.ActiveCfg = Release|Any CPU
		{CED917A6-21DC-4AFE-B804-6B58989566BE}.Release|iPhoneSimulator.Build.0 = Release|Any CPU
	EndGlobalSection
	GlobalSection(SolutionProperties) = preSolution
		HideSolutionNode = FALSE
	EndGlobalSection
EndGlobal
